
Microsoft Visual Studio Solution File, Format Version 12.00
# Visual Studio Version 17
VisualStudioVersion = 17.8.34511.84
MinimumVisualStudioVersion = 10.0.40219.1
Project("{FAE04EC0-301F-11D3-BF4B-00C04F79EFBC}") = "LeaveManagment2.web", "LeaveManagment2.web\LeaveManagment2.web.csproj", "{F8463066-F8BE-4F85-9628-4AE8ADBAA4C2}"
EndProject
Global
	GlobalSection(SolutionConfigurationPlatforms) = preSolution
		Debug|Any CPU = Debug|Any CPU
		Release|Any CPU = Release|Any CPU
	EndGlobalSection
	GlobalSection(ProjectConfigurationPlatforms) = postSolution
		{F8463066-F8BE-4F85-9628-4AE8ADBAA4C2}.Debug|Any CPU.ActiveCfg = Debug|Any CPU
		{F8463066-F8BE-4F85-9628-4AE8ADBAA4C2}.Debug|Any CPU.Build.0 = Debug|Any CPU
		{F8463066-F8BE-4F85-9628-4AE8ADBAA4C2}.Release|Any CPU.ActiveCfg = Release|Any CPU
		{F8463066-F8BE-4F85-9628-4AE8ADBAA4C2}.Release|Any CPU.Build.0 = Release|Any CPU
	EndGlobalSection
	GlobalSection(SolutionProperties) = preSolution
		HideSolutionNode = FALSE
	EndGlobalSection
	GlobalSection(ExtensibilityGlobals) = postSolution
		SolutionGuid = {069D1F57-ABA9-43BD-8CA2-462A4EFD637F}
	EndGlobalSection
EndGlobal
